
Microsoft Visual Studio Solution File, Format Version 12.00
# Visual Studio Version 16
VisualStudioVersion = 16.0.30804.86
MinimumVisualStudioVersion = 10.0.40219.1
Project("{9A19103F-16F7-4668-BE54-9A1E7A4F7556}") = "Torim", "Torim\Torim.csproj", "{B76FDF50-6244-4129-BE94-A902FA76F341}"
EndProject
Project("{FAE04EC0-301F-11D3-BF4B-00C04F79EFBC}") = "NUnitTestProject1", "NUnitTestProject1\NUnitTestProject1.csproj", "{26EAF80E-B659-4426-BD91-5D1C344A3AE4}"
EndProject
Global
	GlobalSection(SolutionConfigurationPlatforms) = preSolution
		Debug|Any CPU = Debug|Any CPU
		Release|Any CPU = Release|Any CPU
	EndGlobalSection
	GlobalSection(ProjectConfigurationPlatforms) = postSolution
		{B76FDF50-6244-4129-BE94-A902FA76F341}.Debug|Any CPU.ActiveCfg = Debug|Any CPU
		{B76FDF50-6244-4129-BE94-A902FA76F341}.Debug|Any CPU.Build.0 = Debug|Any CPU
		{B76FDF50-6244-4129-BE94-A902FA76F341}.Release|Any CPU.ActiveCfg = Release|Any CPU
		{B76FDF50-6244-4129-BE94-A902FA76F341}.Release|Any CPU.Build.0 = Release|Any CPU
		{26EAF80E-B659-4426-BD91-5D1C344A3AE4}.Debug|Any CPU.ActiveCfg = Debug|Any CPU
		{26EAF80E-B659-4426-BD91-5D1C344A3AE4}.Debug|Any CPU.Build.0 = Debug|Any CPU
		{26EAF80E-B659-4426-BD91-5D1C344A3AE4}.Release|Any CPU.ActiveCfg = Release|Any CPU
		{26EAF80E-B659-4426-BD91-5D1C344A3AE4}.Release|Any CPU.Build.0 = Release|Any CPU
	EndGlobalSection
	GlobalSection(SolutionProperties) = preSolution
		HideSolutionNode = FALSE
	EndGlobalSection
	GlobalSection(ExtensibilityGlobals) = postSolution
		SolutionGuid = {A90EA58B-19E9-40E3-9BC0-377FAA738DB7}
	EndGlobalSection
EndGlobal
